
Microsoft Visual Studio Solution File, Format Version 12.00
# Visual Studio 2013
VisualStudioVersion = 12.0.30501.0
MinimumVisualStudioVersion = 10.0.40219.1
Project("{FAE04EC0-301F-11D3-BF4B-00C04F79EFBC}") = "GorAcquire", "GorAcquire\GorAcquire.csproj", "{BA0F43D2-8A57-41A4-94CB-018EA2FB5D9E}"
EndProject
Project("{FAE04EC0-301F-11D3-BF4B-00C04F79EFBC}") = "GorCommon", "GorCommon\GorCommon.csproj", "{66390CA5-BE04-4F8B-A3A0-916E905C99C4}"
EndProject
Project("{FAE04EC0-301F-11D3-BF4B-00C04F79EFBC}") = "GorDevices", "GorDevices\GorDevices.csproj", "{F61369CF-5CCA-4ADF-8771-67F003485464}"
EndProject
Project("{E24C65DC-7377-472B-9ABA-BC803B73C61A}") = "WebApp(1)", "http://localhost:6149", "{82A813AC-03BE-40BD-BB92-1BFC3D4A028A}"
	ProjectSection(WebsiteProperties) = preProject
		UseIISExpress = "true"
		TargetFrameworkMoniker = ".NETFramework,Version%3Dv4.0"
		ProjectReferences = "{f61369cf-5cca-4adf-8771-67f003485464}|GorDevices.dll;{66390CA5-BE04-4F8B-A3A0-916E905C99C4}|GorCommon.dll;"
		Debug.AspNetCompiler.VirtualPath = "/localhost_6149"
		Debug.AspNetCompiler.PhysicalPath = "WebApp\"
		Debug.AspNetCompiler.TargetPath = "PrecompiledWeb\localhost_6149\"
		Debug.AspNetCompiler.Updateable = "true"
		Debug.AspNetCompiler.ForceOverwrite = "true"
		Debug.AspNetCompiler.FixedNames = "false"
		Debug.AspNetCompiler.Debug = "True"
		Release.AspNetCompiler.VirtualPath = "/localhost_6149"
		Release.AspNetCompiler.PhysicalPath = "WebApp\"
		Release.AspNetCompiler.TargetPath = "PrecompiledWeb\localhost_6149\"
		Release.AspNetCompiler.Updateable = "true"
		Release.AspNetCompiler.ForceOverwrite = "true"
		Release.AspNetCompiler.FixedNames = "false"
		Release.AspNetCompiler.Debug = "False"
		SlnRelativePath = "WebApp\"
	EndProjectSection
EndProject
Global
	GlobalSection(SolutionConfigurationPlatforms) = preSolution
		Debug|Any CPU = Debug|Any CPU
		Release|Any CPU = Release|Any CPU
	EndGlobalSection
	GlobalSection(ProjectConfigurationPlatforms) = postSolution
		{BA0F43D2-8A57-41A4-94CB-018EA2FB5D9E}.Debug|Any CPU.ActiveCfg = Debug|Any CPU
		{BA0F43D2-8A57-41A4-94CB-018EA2FB5D9E}.Debug|Any CPU.Build.0 = Debug|Any CPU
		{BA0F43D2-8A57-41A4-94CB-018EA2FB5D9E}.Release|Any CPU.ActiveCfg = Release|Any CPU
		{BA0F43D2-8A57-41A4-94CB-018EA2FB5D9E}.Release|Any CPU.Build.0 = Release|Any CPU
		{66390CA5-BE04-4F8B-A3A0-916E905C99C4}.Debug|Any CPU.ActiveCfg = Debug|Any CPU
		{66390CA5-BE04-4F8B-A3A0-916E905C99C4}.Debug|Any CPU.Build.0 = Debug|Any CPU
		{66390CA5-BE04-4F8B-A3A0-916E905C99C4}.Release|Any CPU.ActiveCfg = Release|Any CPU
		{66390CA5-BE04-4F8B-A3A0-916E905C99C4}.Release|Any CPU.Build.0 = Release|Any CPU
		{F61369CF-5CCA-4ADF-8771-67F003485464}.Debug|Any CPU.ActiveCfg = Debug|Any CPU
		{F61369CF-5CCA-4ADF-8771-67F003485464}.Debug|Any CPU.Build.0 = Debug|Any CPU
		{F61369CF-5CCA-4ADF-8771-67F003485464}.Release|Any CPU.ActiveCfg = Release|Any CPU
		{F61369CF-5CCA-4ADF-8771-67F003485464}.Release|Any CPU.Build.0 = Release|Any CPU
		{82A813AC-03BE-40BD-BB92-1BFC3D4A028A}.Debug|Any CPU.ActiveCfg = Debug|Any CPU
		{82A813AC-03BE-40BD-BB92-1BFC3D4A028A}.Debug|Any CPU.Build.0 = Debug|Any CPU
		{82A813AC-03BE-40BD-BB92-1BFC3D4A028A}.Release|Any CPU.ActiveCfg = Debug|Any CPU
		{82A813AC-03BE-40BD-BB92-1BFC3D4A028A}.Release|Any CPU.Build.0 = Debug|Any CPU
	EndGlobalSection
	GlobalSection(SolutionProperties) = preSolution
		HideSolutionNode = FALSE
	EndGlobalSection
EndGlobal
