
Microsoft Visual Studio Solution File, Format Version 12.00
# Visual Studio 2013
VisualStudioVersion = 12.0.30501.0
MinimumVisualStudioVersion = 10.0.40219.1
Project("{E24C65DC-7377-472B-9ABA-BC803B73C61A}") = "Config-babbitarghini", "http://localhost:12348", "{5670E170-E8AA-4629-8CD8-7740C1C03D04}"
	ProjectSection(WebsiteProperties) = preProject
		UseIISExpress = "true"
		TargetFrameworkMoniker = ".NETFramework,Version%3Dv4.5"
		Debug.AspNetCompiler.VirtualPath = "/localhost_12348"
		Debug.AspNetCompiler.PhysicalPath = "..\..\WebSites\Config-babbitarghini\"
		Debug.AspNetCompiler.TargetPath = "PrecompiledWeb\localhost_12348\"
		Debug.AspNetCompiler.Updateable = "true"
		Debug.AspNetCompiler.ForceOverwrite = "true"
		Debug.AspNetCompiler.FixedNames = "false"
		Debug.AspNetCompiler.Debug = "True"
		Release.AspNetCompiler.VirtualPath = "/localhost_12348"
		Release.AspNetCompiler.PhysicalPath = "..\..\WebSites\Config-babbitarghini\"
		Release.AspNetCompiler.TargetPath = "PrecompiledWeb\localhost_12348\"
		Release.AspNetCompiler.Updateable = "true"
		Release.AspNetCompiler.ForceOverwrite = "true"
		Release.AspNetCompiler.FixedNames = "false"
		Release.AspNetCompiler.Debug = "False"
		SlnRelativePath = "..\..\WebSites\Config-babbitarghini\"
		DefaultWebSiteLanguage = "Visual C#"
	EndProjectSection
EndProject
Global
	GlobalSection(SolutionConfigurationPlatforms) = preSolution
		Debug|Any CPU = Debug|Any CPU
	EndGlobalSection
	GlobalSection(ProjectConfigurationPlatforms) = postSolution
		{5670E170-E8AA-4629-8CD8-7740C1C03D04}.Debug|Any CPU.ActiveCfg = Debug|Any CPU
		{5670E170-E8AA-4629-8CD8-7740C1C03D04}.Debug|Any CPU.Build.0 = Debug|Any CPU
	EndGlobalSection
	GlobalSection(SolutionProperties) = preSolution
		HideSolutionNode = FALSE
	EndGlobalSection
EndGlobal
